
Microsoft Visual Studio Solution File, Format Version 12.00
# Visual Studio Version 16
VisualStudioVersion = 16.0.31911.196
MinimumVisualStudioVersion = 10.0.40219.1
Project("{2150E333-8FDC-42A3-9474-1A3956D46DE8}") = "0-App", "0-App", "{5F14AC48-E031-41B9-9BC6-7B4019A5C0D1}"
EndProject
Project("{9A19103F-16F7-4668-BE54-9A1E7A4F7556}") = "IntegracaoBC.EndPoints", "IntegracaoBC.EndPoints\IntegracaoBC.EndPoints.csproj", "{027927A5-3B9A-476D-9840-8506EEE4D9D7}"
EndProject
Project("{2150E333-8FDC-42A3-9474-1A3956D46DE8}") = "1-Services", "1-Services", "{703BAD1E-DB0D-4FE5-A50F-2C9F2D467C2E}"
EndProject
Project("{9A19103F-16F7-4668-BE54-9A1E7A4F7556}") = "IntegracaoBC.Services", "IntegracaoBC.Services\IntegracaoBC.Services.csproj", "{420C6197-5115-4A74-9E88-EBB9167101C6}"
EndProject
Project("{2150E333-8FDC-42A3-9474-1A3956D46DE8}") = "2-Domain", "2-Domain", "{6EBF7418-FC6B-4F77-9DCB-EA421FFA8841}"
EndProject
Project("{9A19103F-16F7-4668-BE54-9A1E7A4F7556}") = "IntegracaoBC.Domain", "IntegracaoBC.Domain\IntegracaoBC.Domain.csproj", "{3C7E7ED0-B289-4AD4-B024-B3D693060FBF}"
EndProject
Project("{2150E333-8FDC-42A3-9474-1A3956D46DE8}") = "3-Provider", "3-Provider", "{8A76D082-527B-473D-A290-01E8B2C72D5C}"
EndProject
Project("{9A19103F-16F7-4668-BE54-9A1E7A4F7556}") = "IntegracaoBC.Providers", "IntegracaoBC.Provider.BoaConsulta\IntegracaoBC.Providers.csproj", "{FB9D3F1D-CA30-428C-888F-825CE954EAB5}"
EndProject
Project("{FAE04EC0-301F-11D3-BF4B-00C04F79EFBC}") = "IntegracaoBC.Providers_Test", "IntegracaoBC.Providers_Test\IntegracaoBC.Providers_Test.csproj", "{4E179DD5-B033-4CD2-A2D8-B82CF3FF16C2}"
EndProject
Project("{FAE04EC0-301F-11D3-BF4B-00C04F79EFBC}") = "IntegracaoBC.Domain_Test", "IntegracaoBC.Domain_Test\IntegracaoBC.Domain_Test.csproj", "{D92F466E-D0FB-416A-BE4B-078A3A8C0104}"
EndProject
Global
	GlobalSection(SolutionConfigurationPlatforms) = preSolution
		Debug|Any CPU = Debug|Any CPU
		Release|Any CPU = Release|Any CPU
	EndGlobalSection
	GlobalSection(ProjectConfigurationPlatforms) = postSolution
		{027927A5-3B9A-476D-9840-8506EEE4D9D7}.Debug|Any CPU.ActiveCfg = Debug|Any CPU
		{027927A5-3B9A-476D-9840-8506EEE4D9D7}.Debug|Any CPU.Build.0 = Debug|Any CPU
		{027927A5-3B9A-476D-9840-8506EEE4D9D7}.Release|Any CPU.ActiveCfg = Release|Any CPU
		{027927A5-3B9A-476D-9840-8506EEE4D9D7}.Release|Any CPU.Build.0 = Release|Any CPU
		{420C6197-5115-4A74-9E88-EBB9167101C6}.Debug|Any CPU.ActiveCfg = Debug|Any CPU
		{420C6197-5115-4A74-9E88-EBB9167101C6}.Debug|Any CPU.Build.0 = Debug|Any CPU
		{420C6197-5115-4A74-9E88-EBB9167101C6}.Release|Any CPU.ActiveCfg = Release|Any CPU
		{420C6197-5115-4A74-9E88-EBB9167101C6}.Release|Any CPU.Build.0 = Release|Any CPU
		{3C7E7ED0-B289-4AD4-B024-B3D693060FBF}.Debug|Any CPU.ActiveCfg = Debug|Any CPU
		{3C7E7ED0-B289-4AD4-B024-B3D693060FBF}.Debug|Any CPU.Build.0 = Debug|Any CPU
		{3C7E7ED0-B289-4AD4-B024-B3D693060FBF}.Release|Any CPU.ActiveCfg = Release|Any CPU
		{3C7E7ED0-B289-4AD4-B024-B3D693060FBF}.Release|Any CPU.Build.0 = Release|Any CPU
		{FB9D3F1D-CA30-428C-888F-825CE954EAB5}.Debug|Any CPU.ActiveCfg = Debug|Any CPU
		{FB9D3F1D-CA30-428C-888F-825CE954EAB5}.Debug|Any CPU.Build.0 = Debug|Any CPU
		{FB9D3F1D-CA30-428C-888F-825CE954EAB5}.Release|Any CPU.ActiveCfg = Release|Any CPU
		{FB9D3F1D-CA30-428C-888F-825CE954EAB5}.Release|Any CPU.Build.0 = Release|Any CPU
		{4E179DD5-B033-4CD2-A2D8-B82CF3FF16C2}.Debug|Any CPU.ActiveCfg = Debug|Any CPU
		{4E179DD5-B033-4CD2-A2D8-B82CF3FF16C2}.Debug|Any CPU.Build.0 = Debug|Any CPU
		{4E179DD5-B033-4CD2-A2D8-B82CF3FF16C2}.Release|Any CPU.ActiveCfg = Release|Any CPU
		{4E179DD5-B033-4CD2-A2D8-B82CF3FF16C2}.Release|Any CPU.Build.0 = Release|Any CPU
		{D92F466E-D0FB-416A-BE4B-078A3A8C0104}.Debug|Any CPU.ActiveCfg = Debug|Any CPU
		{D92F466E-D0FB-416A-BE4B-078A3A8C0104}.Debug|Any CPU.Build.0 = Debug|Any CPU
		{D92F466E-D0FB-416A-BE4B-078A3A8C0104}.Release|Any CPU.ActiveCfg = Release|Any CPU
		{D92F466E-D0FB-416A-BE4B-078A3A8C0104}.Release|Any CPU.Build.0 = Release|Any CPU
	EndGlobalSection
	GlobalSection(SolutionProperties) = preSolution
		HideSolutionNode = FALSE
	EndGlobalSection
	GlobalSection(NestedProjects) = preSolution
		{027927A5-3B9A-476D-9840-8506EEE4D9D7} = {5F14AC48-E031-41B9-9BC6-7B4019A5C0D1}
		{420C6197-5115-4A74-9E88-EBB9167101C6} = {703BAD1E-DB0D-4FE5-A50F-2C9F2D467C2E}
		{3C7E7ED0-B289-4AD4-B024-B3D693060FBF} = {6EBF7418-FC6B-4F77-9DCB-EA421FFA8841}
		{FB9D3F1D-CA30-428C-888F-825CE954EAB5} = {8A76D082-527B-473D-A290-01E8B2C72D5C}
		{4E179DD5-B033-4CD2-A2D8-B82CF3FF16C2} = {8A76D082-527B-473D-A290-01E8B2C72D5C}
		{D92F466E-D0FB-416A-BE4B-078A3A8C0104} = {6EBF7418-FC6B-4F77-9DCB-EA421FFA8841}
	EndGlobalSection
	GlobalSection(ExtensibilityGlobals) = postSolution
		SolutionGuid = {7AEF0B86-67B1-41DD-B0D7-68BA395EBEC9}
	EndGlobalSection
EndGlobal
